
Microsoft Visual Studio Solution File, Format Version 12.00
Project("{FAE04EC0-301F-11D3-BF4B-00C04F79EFBC}") = "CourseLearning", "CourseLearning\CourseLearning.csproj", "{DCE79C98-D40F-475F-8988-1EC7158F18BE}"
EndProject
Project("{FAE04EC0-301F-11D3-BF4B-00C04F79EFBC}") = "Lab 1", "Lab 1\Lab 1.csproj", "{1D61CF33-989A-4017-9504-34C5249D3501}"
EndProject
Global
	GlobalSection(SolutionConfigurationPlatforms) = preSolution
		Debug|Any CPU = Debug|Any CPU
		Release|Any CPU = Release|Any CPU
	EndGlobalSection
	GlobalSection(ProjectConfigurationPlatforms) = postSolution
		{DCE79C98-D40F-475F-8988-1EC7158F18BE}.Debug|Any CPU.ActiveCfg = Debug|Any CPU
		{DCE79C98-D40F-475F-8988-1EC7158F18BE}.Debug|Any CPU.Build.0 = Debug|Any CPU
		{DCE79C98-D40F-475F-8988-1EC7158F18BE}.Release|Any CPU.ActiveCfg = Release|Any CPU
		{DCE79C98-D40F-475F-8988-1EC7158F18BE}.Release|Any CPU.Build.0 = Release|Any CPU
		{1D61CF33-989A-4017-9504-34C5249D3501}.Debug|Any CPU.ActiveCfg = Debug|Any CPU
		{1D61CF33-989A-4017-9504-34C5249D3501}.Debug|Any CPU.Build.0 = Debug|Any CPU
		{1D61CF33-989A-4017-9504-34C5249D3501}.Release|Any CPU.ActiveCfg = Release|Any CPU
		{1D61CF33-989A-4017-9504-34C5249D3501}.Release|Any CPU.Build.0 = Release|Any CPU
	EndGlobalSection
EndGlobal
